
Microsoft Visual Studio Solution File, Format Version 12.00
# Visual Studio Version 17
VisualStudioVersion = 17.1.32228.430
MinimumVisualStudioVersion = 10.0.40219.1
Project("{FAE04EC0-301F-11D3-BF4B-00C04F79EFBC}") = "myHomy", "myHomy\myHomy.csproj", "{797097FE-3D6B-4BCE-9176-02EB63F86A6E}"
EndProject
Global
	GlobalSection(SolutionConfigurationPlatforms) = preSolution
		Debug|Any CPU = Debug|Any CPU
		Release|Any CPU = Release|Any CPU
	EndGlobalSection
	GlobalSection(ProjectConfigurationPlatforms) = postSolution
		{797097FE-3D6B-4BCE-9176-02EB63F86A6E}.Debug|Any CPU.ActiveCfg = Debug|Any CPU
		{797097FE-3D6B-4BCE-9176-02EB63F86A6E}.Debug|Any CPU.Build.0 = Debug|Any CPU
		{797097FE-3D6B-4BCE-9176-02EB63F86A6E}.Release|Any CPU.ActiveCfg = Release|Any CPU
		{797097FE-3D6B-4BCE-9176-02EB63F86A6E}.Release|Any CPU.Build.0 = Release|Any CPU
	EndGlobalSection
	GlobalSection(SolutionProperties) = preSolution
		HideSolutionNode = FALSE
	EndGlobalSection
	GlobalSection(ExtensibilityGlobals) = postSolution
		SolutionGuid = {EBDE7063-E48F-4692-8C64-AA3C1898366E}
	EndGlobalSection
EndGlobal
